
Microsoft Visual Studio Solution File, Format Version 12.00
# Visual Studio Version 16
VisualStudioVersion = 16.0.30011.22
MinimumVisualStudioVersion = 10.0.40219.1
Project("{8BC9CEB8-8B4A-11D0-8D11-00A0C91BC942}") = "CompilerCLI", "CompilerCLI.vcxproj", "{B8414C40-9D13-4372-999C-65227CAAE8E7}"
EndProject
Project("{8BC9CEB8-8B4A-11D0-8D11-00A0C91BC942}") = "llvm_build", "llvm_build\llvm_build.vcxproj", "{8BC303AB-25BE-4276-8E57-73F171B2D672}"
EndProject
Project("{8BC9CEB8-8B4A-11D0-8D11-00A0C91BC942}") = "llvm_k_test", "llvm_k_test.vcxproj", "{72875F5A-D979-4EB7-A1FA-C6F3E93DACD1}"
EndProject
Project("{2150E333-8FDC-42A3-9474-1A3956D46DE8}") = "_BUILD_BEFORE", "_BUILD_BEFORE", "{7B77AA36-4993-454E-81C1-2E463A0644F8}"
EndProject
Project("{8BC9CEB8-8B4A-11D0-8D11-00A0C91BC942}") = "codegen_tests", "codegen_tests.vcxproj", "{79719069-7E24-422C-A30C-7A774E24B3F0}"
EndProject
Project("{2150E333-8FDC-42A3-9474-1A3956D46DE8}") = "Solution Items", "Solution Items", "{A46FC888-C742-4E73-8706-F70247C562C2}"
	ProjectSection(SolutionItems) = preProject
		.editorconfig = .editorconfig
		llvm-project\llvm\include\llvm\LinkAllPasses.h = llvm-project\llvm\include\llvm\LinkAllPasses.h
	EndProjectSection
EndProject
Global
	GlobalSection(SolutionConfigurationPlatforms) = preSolution
		Debug|x64 = Debug|x64
		Release|x64 = Release|x64
	EndGlobalSection
	GlobalSection(ProjectConfigurationPlatforms) = postSolution
		{B8414C40-9D13-4372-999C-65227CAAE8E7}.Debug|x64.ActiveCfg = Debug|x64
		{B8414C40-9D13-4372-999C-65227CAAE8E7}.Debug|x64.Build.0 = Debug|x64
		{B8414C40-9D13-4372-999C-65227CAAE8E7}.Release|x64.ActiveCfg = Release|x64
		{B8414C40-9D13-4372-999C-65227CAAE8E7}.Release|x64.Build.0 = Release|x64
		{8BC303AB-25BE-4276-8E57-73F171B2D672}.Debug|x64.ActiveCfg = Debug|x64
		{8BC303AB-25BE-4276-8E57-73F171B2D672}.Release|x64.ActiveCfg = Release|x64
		{72875F5A-D979-4EB7-A1FA-C6F3E93DACD1}.Debug|x64.ActiveCfg = Debug|x64
		{72875F5A-D979-4EB7-A1FA-C6F3E93DACD1}.Debug|x64.Build.0 = Debug|x64
		{72875F5A-D979-4EB7-A1FA-C6F3E93DACD1}.Release|x64.ActiveCfg = Release|x64
		{72875F5A-D979-4EB7-A1FA-C6F3E93DACD1}.Release|x64.Build.0 = Release|x64
		{79719069-7E24-422C-A30C-7A774E24B3F0}.Debug|x64.ActiveCfg = Debug|x64
		{79719069-7E24-422C-A30C-7A774E24B3F0}.Debug|x64.Build.0 = Debug|x64
		{79719069-7E24-422C-A30C-7A774E24B3F0}.Release|x64.ActiveCfg = Release|x64
		{79719069-7E24-422C-A30C-7A774E24B3F0}.Release|x64.Build.0 = Release|x64
	EndGlobalSection
	GlobalSection(SolutionProperties) = preSolution
		HideSolutionNode = FALSE
	EndGlobalSection
	GlobalSection(NestedProjects) = preSolution
		{8BC303AB-25BE-4276-8E57-73F171B2D672} = {7B77AA36-4993-454E-81C1-2E463A0644F8}
	EndGlobalSection
	GlobalSection(ExtensibilityGlobals) = postSolution
		SolutionGuid = {D37122F8-DEDE-4F8D-BE4F-B29C8576CD17}
	EndGlobalSection
EndGlobal
